# This file is automatically @generated by Poetry 2.2.1 and should not be changed by hand.

[[package]]
name = "colorama"
version = "0.4.6"
description = "Cross-platform colored terminal text."
optional = false
python-versions = "!=3.0.*,!=3.1.*,!=3.2.*,!=3.3.*,!=3.4.*,!=3.5.*,!=3.6.*,>=2.7"
groups = ["main"]
markers = "sys_platform == \"win32\""
files = [
    {file = "colorama-0.4.6-py2.py3-none-any.whl", hash = "sha256:4f1d9991f5acc0ca119f9d443620b77f9d6b33703e51011c16baf57afb285fc6"},
    {file = "colorama-0.4.6.tar.gz", hash = "sha256:08695f5cb7ed6e0531a20572697297273c47b8cae5a63ffc6d6ed5c201be6e44"},
]

[[package]]
name = "colorlog"
version = "6.10.1"
description = "Add colours to the output of Python's logging module."
optional = false
python-versions = ">=3.6"
groups = ["main"]
files = [
    {file = "colorlog-6.10.1-py3-none-any.whl", hash = "sha256:2d7e8348291948af66122cff006c9f8da6255d224e7cf8e37d8de2df3bad8c9c"},
    {file = "colorlog-6.10.1.tar.gz", hash = "sha256:eb4ae5cb65fe7fec7773c2306061a8e63e02efc2c72eba9d27b0fa23c94f1321"},
]

[package.dependencies]
colorama = {version = "*", markers = "sys_platform == \"win32\""}

[package.extras]
development = ["black", "flake8", "mypy", "pytest", "types-colorama"]

[[package]]
name = "mini-racer"
version = "0.12.4"
description = "Minimal, modern embedded V8 for Python."
optional = false
python-versions = ">=3.8"
groups = ["main"]
files = [
    {file = "mini_racer-0.12.4-py3-none-macosx_10_9_x86_64.whl", hash = "sha256:bce8a3cee946575a352f5e65335903bc148da42c036d0c738ac67e931600e455"},
    {file = "mini_racer-0.12.4-py3-none-macosx_11_0_arm64.whl", hash = "sha256:56c832e6ac2db6a304d1e8e80030615297aafbc6940f64f3479af4ba16abccd5"},
    {file = "mini_racer-0.12.4-py3-none-manylinux_2_31_aarch64.whl", hash = "sha256:b82c4bd2976e280ed0a72c9c2de01b13f18ccfbe6f4892cbc22aae04410fac3c"},
    {file = "mini_racer-0.12.4-py3-none-manylinux_2_31_x86_64.whl", hash = "sha256:69a1c44d02a9069b881684cef15a2d747fe0743df29eadc881fda7002aae5fd2"},
    {file = "mini_racer-0.12.4-py3-none-musllinux_1_2_aarch64.whl", hash = "sha256:499dbc267dfe60e954bc1b6c3787f7b10fc41fe1975853c9a6ddb55eb83dc4d9"},
    {file = "mini_racer-0.12.4-py3-none-musllinux_1_2_x86_64.whl", hash = "sha256:231f949f5787d18351939f1fe59e5a6fe134bccb5ecf8f836b9beab69d91c8d9"},
    {file = "mini_racer-0.12.4-py3-none-win_amd64.whl", hash = "sha256:9446e3bd6a4eb9fbedf1861326f7476080995a31c9b69308acef17e5b7ecaa1b"},
    {file = "mini_racer-0.12.4.tar.gz", hash = "sha256:84c67553ce9f3736d4c617d8a3f882949d37a46cfb47fe11dab33dd6704e62a4"},
]

[[package]]
name = "orjson"
version = "3.11.4"
description = "Fast, correct Python JSON library supporting dataclasses, datetimes, and numpy"
optional = false
python-versions = ">=3.9"
groups = ["main"]
files = [
    {file = "orjson-3.11.4-cp310-cp310-macosx_10_15_x86_64.macosx_11_0_arm64.macosx_10_15_universal2.whl", hash = "sha256:e3aa2118a3ece0d25489cbe48498de8a5d580e42e8d9979f65bf47900a15aba1"},
    {file = "orjson-3.11.4-cp310-cp310-manylinux_2_17_aarch64.manylinux2014_aarch64.whl", hash = "sha256:a69ab657a4e6733133a3dca82768f2f8b884043714e8d2b9ba9f52b6efef5c44"},
    {file = "orjson-3.11.4-cp310-cp310-manylinux_2_17_armv7l.manylinux2014_armv7l.whl", hash = "sha256:3740bffd9816fc0326ddc406098a3a8f387e42223f5f455f2a02a9f834ead80c"},
    {file = "orjson-3.11.4-cp310-cp310-manylinux_2_17_i686.manylinux2014_i686.whl", hash = "sha256:65fd2f5730b1bf7f350c6dc896173d3460d235c4be007af73986d7cd9a2acd23"},
    {file = "orjson-3.11.4-cp310-cp310-manylinux_2_17_ppc64le.manylinux2014_ppc64le.whl", hash = "sha256:9fdc3ae730541086158d549c97852e2eea6820665d4faf0f41bf99df41bc11ea"},
    {file = "orjson-3.11.4-cp310-cp310-manylinux_2_17_s390x.manylinux2014_s390x.whl", hash = "sha256:e10b4d65901da88845516ce9f7f9736f9638d19a1d483b3883dc0182e6e5edba"},
    {file = "orjson-3.11.4-cp310-cp310-manylinux_2_17_x86_64.manylinux2014_x86_64.whl", hash = "sha256:fb6a03a678085f64b97f9d4a9ae69376ce91a3a9e9b56a82b1580d8e1d501aff"},
    {file = "orjson-3.11.4-cp310-cp310-musllinux_1_2_aarch64.whl", hash = "sha256:2c82e4f0b1c712477317434761fbc28b044c838b6b1240d895607441412371ac"},
    {file = "orjson-3.11.4-cp310-cp310-musllinux_1_2_armv7l.whl", hash = "sha256:d58c166a18f44cc9e2bad03a327dc2d1a3d2e85b847133cfbafd6bfc6719bd79"},
    {file = "orjson-3.11.4-cp310-cp310-musllinux_1_2_i686.whl", hash = "sha256:94f206766bf1ea30e1382e4890f763bd1eefddc580e08fec1ccdc20ddd95c827"},
    {file = "orjson-3.11.4-cp310-cp310-musllinux_1_2_x86_64.whl", hash = "sha256:41bf25fb39a34cf8edb4398818523277ee7096689db352036a9e8437f2f3ee6b"},
    {file = "orjson-3.11.4-cp310-cp310-win32.whl", hash = "sha256:fa9627eba4e82f99ca6d29bc967f09aba446ee2b5a1ea728949ede73d313f5d3"},
    {file = "orjson-3.11.4-cp310-cp310-win_amd64.whl", hash = "sha256:23ef7abc7fca96632d8174ac115e668c1e931b8fe4dde586e92a500bf1914dcc"},
    {file = "orjson-3.11.4-cp311-cp311-macosx_10_15_x86_64.macosx_11_0_arm64.macosx_10_15_universal2.whl", hash = "sha256:5e59d23cd93ada23ec59a96f215139753fbfe3a4d989549bcb390f8c00370b39"},
    {file = "orjson-3.11.4-cp311-cp311-macosx_15_0_arm64.whl", hash = "sha256:5c3aedecfc1beb988c27c79d52ebefab93b6c3921dbec361167e6559aba2d36d"},
    {file = "orjson-3.11.4-cp311-cp311-manylinux_2_17_aarch64.manylinux2014_aarch64.whl", hash = "sha256:da9e5301f1c2caa2a9a4a303480d79c9ad73560b2e7761de742ab39fe59d9175"},
    {file = "orjson-3.11.4-cp311-cp311-manylinux_2_17_armv7l.manylinux2014_armv7l.whl", hash = "sha256:8873812c164a90a79f65368f8f96817e59e35d0cc02786a5356f0e2abed78040"},
    {file = "orjson-3.11.4-cp311-cp311-manylinux_2_17_i686.manylinux2014_i686.whl", hash = "sha256:5d7feb0741ebb15204e748f26c9638e6665a5fa93c37a2c73d64f1669b0ddc63"},
    {file = "orjson-3.11.4-cp311-cp311-manylinux_2_17_ppc64le.manylinux2014_ppc64le.whl", hash = "sha256:01ee5487fefee21e6910da4c2ee9eef005bee568a0879834df86f888d2ffbdd9"},
    {file = "orjson-3.11.4-cp311-cp311-manylinux_2_17_s390x.manylinux2014_s390x.whl", hash = "sha256:3d40d46f348c0321df01507f92b95a377240c4ec31985225a6668f10e2676f9a"},
    {file = "orjson-3.11.4-cp311-cp311-manylinux_2_17_x86_64.manylinux2014_x86_64.whl", hash = "sha256:95713e5fc8af84d8edc75b785d2386f653b63d62b16d681687746734b4dfc0be"},
    {file = "orjson-3.11.4-cp311-cp311-musllinux_1_2_aarch64.whl", hash = "sha256:ad73ede24f9083614d6c4ca9a85fe70e33be7bf047ec586ee2363bc7418fe4d7"},
    {file = "orjson-3.11.4-cp311-cp311-musllinux_1_2_armv7l.whl", hash = "sha256:842289889de515421f3f224ef9c1f1efb199a32d76d8d2ca2706fa8afe749549"},
    {file = "orjson-3.11.4-cp311-cp311-musllinux_1_2_i686.whl", hash = "sha256:3b2427ed5791619851c52a1261b45c233930977e7de8cf36de05636c708fa905"},
    {file = "orjson-3.11.4-cp311-cp311-musllinux_1_2_x86_64.whl", hash = "sha256:3c36e524af1d29982e9b190573677ea02781456b2e537d5840e4538a5ec41907"},
    {file = "orjson-3.11.4-cp311-cp311-win32.whl", hash = "sha256:87255b88756eab4a68ec61837ca754e5d10fa8bc47dc57f75cedfeaec358d54c"},
    {file = "orjson-3.11.4-cp311-cp311-win_amd64.whl", hash = "sha256:e2d5d5d798aba9a0e1fede8d853fa899ce2cb930ec0857365f700dffc2c7af6a"},
    {file = "orjson-3.11.4-cp311-cp311-win_arm64.whl", hash = "sha256:6bb6bb41b14c95d4f2702bce9975fda4516f1db48e500102fc4d8119032ff045"},
    {file = "orjson-3.11.4-cp312-cp312-macosx_10_15_x86_64.macosx_11_0_arm64.macosx_10_15_universal2.whl", hash = "sha256:d4371de39319d05d3f482f372720b841c841b52f5385bd99c61ed69d55d9ab50"},
    {file = "orjson-3.11.4-cp312-cp312-macosx_15_0_arm64.whl", hash = "sha256:e41fd3b3cac850eaae78232f37325ed7d7436e11c471246b87b2cd294ec94853"},
    {file = "orjson-3.11.4-cp312-cp312-manylinux_2_17_aarch64.manylinux2014_aarch64.whl", hash = "sha256:600e0e9ca042878c7fdf189cf1b028fe2c1418cc9195f6cb9824eb6ed99cb938"},
    {file = "orjson-3.11.4-cp312-cp312-manylinux_2_17_armv7l.manylinux2014_armv7l.whl", hash = "sha256:7bbf9b333f1568ef5da42bc96e18bf30fd7f8d54e9ae066d711056add508e415"},
    {file = "orjson-3.11.4-cp312-cp312-manylinux_2_17_i686.manylinux2014_i686.whl", hash = "sha256:4806363144bb6e7297b8e95870e78d30a649fdc4e23fc84daa80c8ebd366ce44"},
    {file = "orjson-3.11.4-cp312-cp312-manylinux_2_17_ppc64le.manylinux2014_ppc64le.whl", hash = "sha256:ad355e8308493f527d41154e9053b86a5be892b3b359a5c6d5d95cda23601cb2"},
    {file = "orjson-3.11.4-cp312-cp312-manylinux_2_17_s390x.manylinux2014_s390x.whl", hash = "sha256:c8a7517482667fb9f0ff1b2f16fe5829296ed7a655d04d68cd9711a4d8a4e708"},
    {file = "orjson-3.11.4-cp312-cp312-manylinux_2_17_x86_64.manylinux2014_x86_64.whl", hash = "sha256:97eb5942c7395a171cbfecc4ef6701fc3c403e762194683772df4c54cfbb2210"},
    {file = "orjson-3.11.4-cp312-cp312-musllinux_1_2_aarch64.whl", hash = "sha256:149d95d5e018bdd822e3f38c103b1a7c91f88d38a88aada5c4e9b3a73a244241"},
    {file = "orjson-3.11.4-cp312-cp312-musllinux_1_2_armv7l.whl", hash = "sha256:624f3951181eb46fc47dea3d221554e98784c823e7069edb5dbd0dc826ac909b"},
    {file = "orjson-3.11.4-cp312-cp312-musllinux_1_2_i686.whl", hash = "sha256:03bfa548cf35e3f8b3a96c4e8e41f753c686ff3d8e182ce275b1751deddab58c"},
    {file = "orjson-3.11.4-cp312-cp312-musllinux_1_2_x86_64.whl", hash = "sha256:525021896afef44a68148f6ed8a8bf8375553d6066c7f48537657f64823565b9"},
    {file = "orjson-3.11.4-cp312-cp312-win32.whl", hash = "sha256:b58430396687ce0f7d9eeb3dd47761ca7d8fda8e9eb92b3077a7a353a75efefa"},
    {file = "orjson-3.11.4-cp312-cp312-win_amd64.whl", hash = "sha256:c6dbf422894e1e3c80a177133c0dda260f81428f9de16d61041949f6a2e5c140"},
    {file = "orjson-3.11.4-cp312-cp312-win_arm64.whl", hash = "sha256:d38d2bc06d6415852224fcc9c0bfa834c25431e466dc319f0edd56cca81aa96e"},
    {file = "orjson-3.11.4-cp313-cp313-macosx_10_15_x86_64.macosx_11_0_arm64.macosx_10_15_universal2.whl", hash = "sha256:2d6737d0e616a6e053c8b4acc9eccea6b6cce078533666f32d140e4f85002534"},
    {file = "orjson-3.11.4-cp313-cp313-macosx_15_0_arm64.whl", hash = "sha256:afb14052690aa328cc118a8e09f07c651d301a72e44920b887c519b313d892ff"},
    {file = "orjson-3.11.4-cp313-cp313-manylinux_2_17_aarch64.manylinux2014_aarch64.whl", hash = "sha256:38aa9e65c591febb1b0aed8da4d469eba239d434c218562df179885c94e1a3ad"},
    {file = "orjson-3.11.4-cp313-cp313-manylinux_2_17_armv7l.manylinux2014_armv7l.whl", hash = "sha256:f2cf4dfaf9163b0728d061bebc1e08631875c51cd30bf47cb9e3293bfbd7dcd5"},
    {file = "orjson-3.11.4-cp313-cp313-manylinux_2_17_i686.manylinux2014_i686.whl", hash = "sha256:89216ff3dfdde0e4070932e126320a1752c9d9a758d6a32ec54b3b9334991a6a"},
    {file = "orjson-3.11.4-cp313-cp313-manylinux_2_17_ppc64le.manylinux2014_ppc64le.whl", hash = "sha256:9daa26ca8e97fae0ce8aa5d80606ef8f7914e9b129b6b5df9104266f764ce436"},
    {file = "orjson-3.11.4-cp313-cp313-manylinux_2_17_s390x.manylinux2014_s390x.whl", hash = "sha256:5c8b2769dc31883c44a9cd126560327767f848eb95f99c36c9932f51090bfce9"},
    {file = "orjson-3.11.4-cp313-cp313-manylinux_2_17_x86_64.manylinux2014_x86_64.whl", hash = "sha256:1469d254b9884f984026bd9b0fa5bbab477a4bfe558bba6848086f6d43eb5e73"},
    {file = "orjson-3.11.4-cp313-cp313-musllinux_1_2_aarch64.whl", hash = "sha256:68e44722541983614e37117209a194e8c3ad07838ccb3127d96863c95ec7f1e0"},
    {file = "orjson-3.11.4-cp313-cp313-musllinux_1_2_armv7l.whl", hash = "sha256:8e7805fda9672c12be2f22ae124dcd7b03928d6c197544fe12174b86553f3196"},
    {file = "orjson-3.11.4-cp313-cp313-musllinux_1_2_i686.whl", hash = "sha256:04b69c14615fb4434ab867bf6f38b2d649f6f300af30a6705397e895f7aec67a"},
    {file = "orjson-3.11.4-cp313-cp313-musllinux_1_2_x86_64.whl", hash = "sha256:639c3735b8ae7f970066930e58cf0ed39a852d417c24acd4a25fc0b3da3c39a6"},
    {file = "orjson-3.11.4-cp313-cp313-win32.whl", hash = "sha256:6c13879c0d2964335491463302a6ca5ad98105fc5db3565499dcb80b1b4bd839"},
    {file = "orjson-3.11.4-cp313-cp313-win_amd64.whl", hash = "sha256:09bf242a4af98732db9f9a1ec57ca2604848e16f132e3f72edfd3c5c96de009a"},
    {file = "orjson-3.11.4-cp313-cp313-win_arm64.whl", hash = "sha256:a85f0adf63319d6c1ba06fb0dbf997fced64a01179cf17939a6caca662bf92de"},
    {file = "orjson-3.11.4-cp314-cp314-macosx_10_15_x86_64.macosx_11_0_arm64.macosx_10_15_universal2.whl", hash = "sha256:42d43a1f552be1a112af0b21c10a5f553983c2a0938d2bbb8ecd8bc9fb572803"},
    {file = "orjson-3.11.4-cp314-cp314-macosx_15_0_arm64.whl", hash = "sha256:26a20f3fbc6c7ff2cb8e89c4c5897762c9d88cf37330c6a117312365d6781d54"},
    {file = "orjson-3.11.4-cp314-cp314-manylinux_2_17_aarch64.manylinux2014_aarch64.whl", hash = "sha256:6e3f20be9048941c7ffa8fc523ccbd17f82e24df1549d1d1fe9317712d19938e"},
    {file = "orjson-3.11.4-cp314-cp314-manylinux_2_17_armv7l.manylinux2014_armv7l.whl", hash = "sha256:aac364c758dc87a52e68e349924d7e4ded348dedff553889e4d9f22f74785316"},
    {file = "orjson-3.11.4-cp314-cp314-manylinux_2_17_i686.manylinux2014_i686.whl", hash = "sha256:d5c54a6d76e3d741dcc3f2707f8eeb9ba2a791d3adbf18f900219b62942803b1"},
    {file = "orjson-3.11.4-cp314-cp314-manylinux_2_17_ppc64le.manylinux2014_ppc64le.whl", hash = "sha256:f28485bdca8617b79d44627f5fb04336897041dfd9fa66d383a49d09d86798bc"},
    {file = "orjson-3.11.4-cp314-cp314-manylinux_2_17_s390x.manylinux2014_s390x.whl", hash = "sha256:bfc2a484cad3585e4ba61985a6062a4c2ed5c7925db6d39f1fa267c9d166487f"},
    {file = "orjson-3.11.4-cp314-cp314-manylinux_2_17_x86_64.manylinux2014_x86_64.whl", hash = "sha256:e34dbd508cb91c54f9c9788923daca129fe5b55c5b4eebe713bf5ed3791280cf"},
    {file = "orjson-3.11.4-cp314-cp314-musllinux_1_2_aarch64.whl", hash = "sha256:b13c478fa413d4b4ee606ec8e11c3b2e52683a640b006bb586b3041c2ca5f606"},
    {file = "orjson-3.11.4-cp314-cp314-musllinux_1_2_armv7l.whl", hash = "sha256:724ca721ecc8a831b319dcd72cfa370cc380db0bf94537f08f7edd0a7d4e1780"},
    {file = "orjson-3.11.4-cp314-cp314-musllinux_1_2_i686.whl", hash = "sha256:977c393f2e44845ce1b540e19a786e9643221b3323dae190668a98672d43fb23"},
    {file = "orjson-3.11.4-cp314-cp314-musllinux_1_2_x86_64.whl", hash = "sha256:1e539e382cf46edec157ad66b0b0872a90d829a6b71f17cb633d6c160a223155"},
    {file = "orjson-3.11.4-cp314-cp314-win32.whl", hash = "sha256:d63076d625babab9db5e7836118bdfa086e60f37d8a174194ae720161eb12394"},
    {file = "orjson-3.11.4-cp314-cp314-win_amd64.whl", hash = "sha256:0a54d6635fa3aaa438ae32e8570b9f0de36f3f6562c308d2a2a452e8b0592db1"},
    {file = "orjson-3.11.4-cp314-cp314-win_arm64.whl", hash = "sha256:78b999999039db3cf58f6d230f524f04f75f129ba3d1ca2ed121f8657e575d3d"},
    {file = "orjson-3.11.4-cp39-cp39-macosx_10_15_x86_64.macosx_11_0_arm64.macosx_10_15_universal2.whl", hash = "sha256:405261b0a8c62bcbd8e2931c26fdc08714faf7025f45531541e2b29e544b545b"},
    {file = "orjson-3.11.4-cp39-cp39-manylinux_2_17_aarch64.manylinux2014_aarch64.whl", hash = "sha256:af02ff34059ee9199a3546f123a6ab4c86caf1708c79042caf0820dc290a6d4f"},
    {file = "orjson-3.11.4-cp39-cp39-manylinux_2_17_armv7l.manylinux2014_armv7l.whl", hash = "sha256:0b2eba969ea4203c177c7b38b36c69519e6067ee68c34dc37081fac74c796e10"},
    {file = "orjson-3.11.4-cp39-cp39-manylinux_2_17_i686.manylinux2014_i686.whl", hash = "sha256:0baa0ea43cfa5b008a28d3c07705cf3ada40e5d347f0f44994a64b1b7b4b5350"},
    {file = "orjson-3.11.4-cp39-cp39-manylinux_2_17_ppc64le.manylinux2014_ppc64le.whl", hash = "sha256:80fd082f5dcc0e94657c144f1b2a3a6479c44ad50be216cf0c244e567f5eae19"},
    {file = "orjson-3.11.4-cp39-cp39-manylinux_2_17_s390x.manylinux2014_s390x.whl", hash = "sha256:1e3704d35e47d5bee811fb1cbd8599f0b4009b14d451c4c57be5a7e25eb89a13"},
    {file = "orjson-3.11.4-cp39-cp39-manylinux_2_17_x86_64.manylinux2014_x86_64.whl", hash = "sha256:caa447f2b5356779d914658519c874cf3b7629e99e63391ed519c28c8aea4919"},
    {file = "orjson-3.11.4-cp39-cp39-musllinux_1_2_aarch64.whl", hash = "sha256:bba5118143373a86f91dadb8df41d9457498226698ebdf8e11cbb54d5b0e802d"},
    {file = "orjson-3.11.4-cp39-cp39-musllinux_1_2_armv7l.whl", hash = "sha256:622463ab81d19ef3e06868b576551587de8e4d518892d1afab71e0fbc1f9cffc"},
    {file = "orjson-3.11.4-cp39-cp39-musllinux_1_2_i686.whl", hash = "sha256:3e0a700c4b82144b72946b6629968df9762552ee1344bfdb767fecdd634fbd5a"},
    {file = "orjson-3.11.4-cp39-cp39-musllinux_1_2_x86_64.whl", hash = "sha256:6e18a5c15e764e5f3fc569b47872450b4bcea24f2a6354c0a0e95ad21045d5a9"},
    {file = "orjson-3.11.4-cp39-cp39-win32.whl", hash = "sha256:fb1c37c71cad991ef4d89c7a634b5ffb4447dbd7ae3ae13e8f5ee7f1775e7ab1"},
    {file = "orjson-3.11.4-cp39-cp39-win_amd64.whl", hash = "sha256:e2985ce8b8c42d00492d0ed79f2bd2b6460d00f2fa671dfde4bf2e02f49bf5c6"},
    {file = "orjson-3.11.4.tar.gz", hash = "sha256:39485f4ab4c9b30a3943cfe99e1a213c4776fb69e8abd68f66b83d5a0b0fdc6d"},
]

[[package]]
name = "py3-logger"
version = "0.0.3"
description = "python3 logger"
optional = false
python-versions = ">=3.12"
groups = ["main"]
files = [
    {file = "py3_logger-0.0.3-py3-none-any.whl", hash = "sha256:62175d5b238d75ffa9941930a584b4b4b1e7d941372df2507d951afb77582620"},
    {file = "py3_logger-0.0.3.tar.gz", hash = "sha256:04ea6bb7d632320564f07396b8e8ebb5e3c2a8415db5de2c40bfe1523b944dbc"},
]

[package.dependencies]
colorlog = ">=6.10.1,<7.0.0"

[[package]]
name = "pyexecjs"
version = "1.5.1"
description = "Run JavaScript code from Python"
optional = false
python-versions = "*"
groups = ["main"]
files = [
    {file = "PyExecJS-1.5.1.tar.gz", hash = "sha256:34cc1d070976918183ff7bdc0ad71f8157a891c92708c00c5fbbff7a769f505c"},
]

[package.dependencies]
six = ">=1.10.0"

[[package]]
name = "six"
version = "1.17.0"
description = "Python 2 and 3 compatibility utilities"
optional = false
python-versions = "!=3.0.*,!=3.1.*,!=3.2.*,>=2.7"
groups = ["main"]
files = [
    {file = "six-1.17.0-py2.py3-none-any.whl", hash = "sha256:4721f391ed90541fddacab5acf947aa0d3dc7d27b2e1e8eda2be8970586c3274"},
    {file = "six-1.17.0.tar.gz", hash = "sha256:ff70335d468e7eb6ec65b95b99d3a2836546063f63acc5171de367e834932a81"},
]

[metadata]
lock-version = "2.1"
python-versions = ">=3.12"
content-hash = "11023d7f491c310e37d2d7c49ae5ca832f5d7e64327aad9322d2715f684aed15"
